
Microsoft Visual Studio Solution File, Format Version 12.00
# Visual Studio Version 17
VisualStudioVersion = 17.3.32804.467
MinimumVisualStudioVersion = 10.0.40219.1
Project("{FAE04EC0-301F-11D3-BF4B-00C04F79EFBC}") = "DevData", "DevData\DevData.csproj", "{192D066F-04EC-4EDE-A124-6F3A2ED69EEC}"
EndProject
Global
	GlobalSection(SolutionConfigurationPlatforms) = preSolution
		Debug|Any CPU = Debug|Any CPU
		Release|Any CPU = Release|Any CPU
	EndGlobalSection
	GlobalSection(ProjectConfigurationPlatforms) = postSolution
		{192D066F-04EC-4EDE-A124-6F3A2ED69EEC}.Debug|Any CPU.ActiveCfg = Debug|Any CPU
		{192D066F-04EC-4EDE-A124-6F3A2ED69EEC}.Debug|Any CPU.Build.0 = Debug|Any CPU
		{192D066F-04EC-4EDE-A124-6F3A2ED69EEC}.Release|Any CPU.ActiveCfg = Release|Any CPU
		{192D066F-04EC-4EDE-A124-6F3A2ED69EEC}.Release|Any CPU.Build.0 = Release|Any CPU
	EndGlobalSection
	GlobalSection(SolutionProperties) = preSolution
		HideSolutionNode = FALSE
	EndGlobalSection
	GlobalSection(ExtensibilityGlobals) = postSolution
		SolutionGuid = {EC2DAB60-5123-46EB-8160-F6BAE5C26C93}
	EndGlobalSection
EndGlobal
